uuid: 38d65233-271f-4d4e-8c51-4eb1c1769f53
langcode: en
status: true
dependencies:
  content:
    - 'block_content:basic:360d627d-8c92-4d22-9638-9d8adb00d752'
  module:
    - block_content
  theme:
    - olivero
id: olivero_jakalalogoblock
theme: olivero
region: header
weight: 0
provider: null
plugin: 'block_content:360d627d-8c92-4d22-9638-9d8adb00d752'
settings:
  id: 'block_content:360d627d-8c92-4d22-9638-9d8adb00d752'
  label: 'Jakala Logo Block'
  label_display: '0'
  provider: block_content
  view_mode: full
visibility: {  }
